
Microsoft Visual Studio Solution File, Format Version 12.00
# Visual Studio Version 16
VisualStudioVersion = 16.0.30803.129
MinimumVisualStudioVersion = 10.0.40219.1
Project("{9A19103F-16F7-4668-BE54-9A1E7A4F7556}") = "Uno.Extensions.Logging.OSLog", "Uno.Extensions.Logging.OSLog\Uno.Extensions.Logging.OSLog.csproj", "{FF31FB78-B3E2-4A10-BE42-CF25EB37C5A8}"
EndProject
Project("{9A19103F-16F7-4668-BE54-9A1E7A4F7556}") = "Uno.Extensions.Logging.WebAssembly.Console", "Uno.Extensions.Logging.WebAssembly.Console\Uno.Extensions.Logging.WebAssembly.Console.csproj", "{D05A192C-AA02-44ED-9D6D-3CFC650DF645}"
EndProject
Global
	GlobalSection(SolutionConfigurationPlatforms) = preSolution
		Debug|Any CPU = Debug|Any CPU
		Release|Any CPU = Release|Any CPU
	EndGlobalSection
	GlobalSection(ProjectConfigurationPlatforms) = postSolution
		{FF31FB78-B3E2-4A10-BE42-CF25EB37C5A8}.Debug|Any CPU.ActiveCfg = Debug|Any CPU
		{FF31FB78-B3E2-4A10-BE42-CF25EB37C5A8}.Debug|Any CPU.Build.0 = Debug|Any CPU
		{FF31FB78-B3E2-4A10-BE42-CF25EB37C5A8}.Release|Any CPU.ActiveCfg = Release|Any CPU
		{FF31FB78-B3E2-4A10-BE42-CF25EB37C5A8}.Release|Any CPU.Build.0 = Release|Any CPU
		{D05A192C-AA02-44ED-9D6D-3CFC650DF645}.Debug|Any CPU.ActiveCfg = Debug|Any CPU
		{D05A192C-AA02-44ED-9D6D-3CFC650DF645}.Debug|Any CPU.Build.0 = Debug|Any CPU
		{D05A192C-AA02-44ED-9D6D-3CFC650DF645}.Release|Any CPU.ActiveCfg = Release|Any CPU
		{D05A192C-AA02-44ED-9D6D-3CFC650DF645}.Release|Any CPU.Build.0 = Release|Any CPU
	EndGlobalSection
	GlobalSection(SolutionProperties) = preSolution
		HideSolutionNode = FALSE
	EndGlobalSection
	GlobalSection(ExtensibilityGlobals) = postSolution
		SolutionGuid = {D5E46F2B-ADD5-4282-BC35-FD078CB8AFBA}
	EndGlobalSection
EndGlobal
